// !$*UTF8*$!
{
	archiveVersion = 1;
	classes = {
	};
	objectVersion = 50;
	objects = {

/* Begin PBXBuildFile section */
		071A9685217EF54B00F02574 /* CBGroupVC.swift in Sources */ = {isa = PBXBuildFile; fileRef = 071A9684217EF54B00F02574 /* CBGroupVC.swift */; };
		071A9687217EF56500F02574 /* CBSearchVC.swift in Sources */ = {isa = PBXBuildFile; fileRef = 071A9686217EF56500F02574 /* CBSearchVC.swift */; };
		071A9689217EF56F00F02574 /* CBSettingVC.swift in Sources */ = {isa = PBXBuildFile; fileRef = 071A9688217EF56F00F02574 /* CBSettingVC.swift */; };
		078F9FAB21800A6400A5F1E0 /* CBGroupVO.swift in Sources */ = {isa = PBXBuildFile; fileRef = 078F9FAA21800A6400A5F1E0 /* CBGroupVO.swift */; };
		078F9FAD21800A7000A5F1E0 /* CBSqlite3.swift in Sources */ = {isa = PBXBuildFile; fileRef = 078F9FAC21800A7000A5F1E0 /* CBSqlite3.swift */; };
		07BB1635217ECE48000E84C1 /* AppDelegate.swift in Sources */ = {isa = PBXBuildFile; fileRef = 07BB1634217ECE48000E84C1 /* AppDelegate.swift */; };
		07BB1637217ECE48000E84C1 /* ViewController.swift in Sources */ = {isa = PBXBuildFile; fileRef = 07BB1636217ECE48000E84C1 /* ViewController.swift */; };
		07BB163A217ECE48000E84C1 /* Main.storyboard in Resources */ = {isa = PBXBuildFile; fileRef = 07BB1638217ECE48000E84C1 /* Main.storyboard */; };
		07BB163C217ECE49000E84C1 /* Assets.xcassets in Resources */ = {isa = PBXBuildFile; fileRef = 07BB163B217ECE49000E84C1 /* Assets.xcassets */; };
		07BB163F217ECE49000E84C1 /* LaunchScreen.storyboard in Resources */ = {isa = PBXBuildFile; fileRef = 07BB163D217ECE49000E84C1 /* LaunchScreen.storyboard */; };
		8D20C4B7972F397EDA94E718 /* Pods_ProApp.framework in Frameworks */ = {isa = PBXBuildFile; fileRef = 04E0E17347A39E29B672FEB4 /* Pods_ProApp.framework */; };
/* End PBXBuildFile section */

/* Begin PBXFileReference section */
		04E0E17347A39E29B672FEB4 /* Pods_ProApp.framework */ = {isa = PBXFileReference; explicitFileType = wrapper.framework; includeInIndex = 0; path = Pods_ProApp.framework; sourceTree = BUILT_PRODUCTS_DIR; };
		071A9684217EF54B00F02574 /* CBGroupVC.swift */ = {isa = PBXFileReference; lastKnownFileType = sourcecode.swift; path = CBGroupVC.swift; sourceTree = "<group>"; };
		071A9686217EF56500F02574 /* CBSearchVC.swift */ = {isa = PBXFileReference; lastKnownFileType = sourcecode.swift; path = CBSearchVC.swift; sourceTree = "<group>"; };
		071A9688217EF56F00F02574 /* CBSettingVC.swift */ = {isa = PBXFileReference; lastKnownFileType = sourcecode.swift; path = CBSettingVC.swift; sourceTree = "<group>"; };
		078F9FAA21800A6400A5F1E0 /* CBGroupVO.swift */ = {isa = PBXFileReference; fileEncoding = 4; lastKnownFileType = sourcecode.swift; path = CBGroupVO.swift; sourceTree = "<group>"; };
		078F9FAC21800A7000A5F1E0 /* CBSqlite3.swift */ = {isa = PBXFileReference; fileEncoding = 4; lastKnownFileType = sourcecode.swift; path = CBSqlite3.swift; sourceTree = "<group>"; };
		07BB1631217ECE48000E84C1 /* ProApp.app */ = {isa = PBXFileReference; explicitFileType = wrapper.application; includeInIndex = 0; path = ProApp.app; sourceTree = BUILT_PRODUCTS_DIR; };
		07BB1634217ECE48000E84C1 /* AppDelegate.swift */ = {isa = PBXFileReference; lastKnownFileType = sourcecode.swift; path = AppDelegate.swift; sourceTree = "<group>"; };
		07BB1636217ECE48000E84C1 /* ViewController.swift */ = {isa = PBXFileReference; lastKnownFileType = sourcecode.swift; path = ViewController.swift; sourceTree = "<group>"; };
		07BB1639217ECE48000E84C1 /* Base */ = {isa = PBXFileReference; lastKnownFileType = file.storyboard; name = Base; path = Base.lproj/Main.storyboard; sourceTree = "<group>"; };
		07BB163B217ECE49000E84C1 /* Assets.xcassets */ = {isa = PBXFileReference; lastKnownFileType = folder.assetcatalog; path = Assets.xcassets; sourceTree = "<group>"; };
		07BB163E217ECE49000E84C1 /* Base */ = {isa = PBXFileReference; lastKnownFileType = file.storyboard; name = Base; path = Base.lproj/LaunchScreen.storyboard; sourceTree = "<group>"; };
		07BB1640217ECE49000E84C1 /* Info.plist */ = {isa = PBXFileReference; lastKnownFileType = text.plist.xml; path = Info.plist; sourceTree = "<group>"; };
		69F1D1C7223A855BA31CA5CB /* Pods-ProApp.release.xcconfig */ = {isa = PBXFileReference; includeInIndex = 1; lastKnownFileType = text.xcconfig; name = "Pods-ProApp.release.xcconfig"; path = "Pods/Target Support Files/Pods-ProApp/Pods-ProApp.release.xcconfig"; sourceTree = "<group>"; };
		DFD9CBE357FCCC3F4CE8914E /* Pods-ProApp.debug.xcconfig */ = {isa = PBXFileReference; includeInIndex = 1; lastKnownFileType = text.xcconfig; name = "Pods-ProApp.debug.xcconfig"; path = "Pods/Target Support Files/Pods-ProApp/Pods-ProApp.debug.xcconfig"; sourceTree = "<group>"; };
/* End PBXFileReference section */

/* Begin PBXFrameworksBuildPhase section */
		07BB162E217ECE48000E84C1 /* Frameworks */ = {
			isa = PBXFrameworksBuildPhase;
			buildActionMask = 2147483647;
			files = (
				8D20C4B7972F397EDA94E718 /* Pods_ProApp.framework in Frameworks */,
			);
			runOnlyForDeploymentPostprocessing = 0;
		};
/* End PBXFrameworksBuildPhase section */

/* Begin PBXGroup section */
		07BB1628217ECE48000E84C1 = {
			isa = PBXGroup;
			children = (
				07BB1633217ECE48000E84C1 /* ProApp */,
				07BB1632217ECE48000E84C1 /* Products */,
				817FA7898738E8F48C880E64 /* Pods */,
				3FC1B864441731334E316E85 /* Frameworks */,
			);
			sourceTree = "<group>";
		};
		07BB1632217ECE48000E84C1 /* Products */ = {
			isa = PBXGroup;
			children = (
				07BB1631217ECE48000E84C1 /* ProApp.app */,
			);
			name = Products;
			sourceTree = "<group>";
		};
		07BB1633217ECE48000E84C1 /* ProApp */ = {
			isa = PBXGroup;
			children = (
				07BB1634217ECE48000E84C1 /* AppDelegate.swift */,
				07BB1636217ECE48000E84C1 /* ViewController.swift */,
				078F9FAC21800A7000A5F1E0 /* CBSqlite3.swift */,
				078F9FAA21800A6400A5F1E0 /* CBGroupVO.swift */,
				071A9684217EF54B00F02574 /* CBGroupVC.swift */,
				071A9686217EF56500F02574 /* CBSearchVC.swift */,
				071A9688217EF56F00F02574 /* CBSettingVC.swift */,
				07BB1638217ECE48000E84C1 /* Main.storyboard */,
				07BB163B217ECE49000E84C1 /* Assets.xcassets */,
				07BB163D217ECE49000E84C1 /* LaunchScreen.storyboard */,
				07BB1640217ECE49000E84C1 /* Info.plist */,
			);
			path = ProApp;
			sourceTree = "<group>";
		};
		3FC1B864441731334E316E85 /* Frameworks */ = {
			isa = PBXGroup;
			children = (
				04E0E17347A39E29B672FEB4 /* Pods_ProApp.framework */,
			);
			name = Frameworks;
			sourceTree = "<group>";
		};
		817FA7898738E8F48C880E64 /* Pods */ = {
			isa = PBXGroup;
			children = (
				DFD9CBE357FCCC3F4CE8914E /* Pods-ProApp.debug.xcconfig */,
				69F1D1C7223A855BA31CA5CB /* Pods-ProApp.release.xcconfig */,
			);
			name = Pods;
			sourceTree = "<group>";
		};
/* End PBXGroup section */

/* Begin PBXNativeTarget section */
		07BB1630217ECE48000E84C1 /* ProApp */ = {
			isa = PBXNativeTarget;
			buildConfigurationList = 07BB1643217ECE49000E84C1 /* Build configuration list for PBXNativeTarget "ProApp" */;
			buildPhases = (
				CC7E4188A3E1892BE2B650BD /* [CP] Check Pods Manifest.lock */,
				07BB162D217ECE48000E84C1 /* Sources */,
				07BB162E217ECE48000E84C1 /* Frameworks */,
				07BB162F217ECE48000E84C1 /* Resources */,
				472893F87B90F4E218E8141E /* [CP] Embed Pods Frameworks */,
			);
			buildRules = (
			);
			dependencies = (
			);
			name = ProApp;
			productName = ProApp;
			productReference = 07BB1631217ECE48000E84C1 /* ProApp.app */;
			productType = "com.apple.product-type.application";
		};
/* End PBXNativeTarget section */

/* Begin PBXProject section */
		07BB1629217ECE48000E84C1 /* Project object */ = {
			isa = PBXProject;
			attributes = {
				CLASSPREFIX = CB;
				LastSwiftUpdateCheck = 1000;
				LastUpgradeCheck = 1000;
				ORGANIZATIONNAME = ChenBing;
				TargetAttributes = {
					07BB1630217ECE48000E84C1 = {
						CreatedOnToolsVersion = 10.0;
					};
				};
			};
			buildConfigurationList = 07BB162C217ECE48000E84C1 /* Build configuration list for PBXProject "ProApp" */;
			compatibilityVersion = "Xcode 9.3";
			developmentRegion = en;
			hasScannedForEncodings = 0;
			knownRegions = (
				en,
				Base,
			);
			mainGroup = 07BB1628217ECE48000E84C1;
			productRefGroup = 07BB1632217ECE48000E84C1 /* Products */;
			projectDirPath = "";
			projectRoot = "";
			targets = (
				07BB1630217ECE48000E84C1 /* ProApp */,
			);
		};
/* End PBXProject section */

/* Begin PBXResourcesBuildPhase section */
		07BB162F217ECE48000E84C1 /* Resources */ = {
			isa = PBXResourcesBuildPhase;
			buildActionMask = 2147483647;
			files = (
				07BB163F217ECE49000E84C1 /* LaunchScreen.storyboard in Resources */,
				07BB163C217ECE49000E84C1 /* Assets.xcassets in Resources */,
				07BB163A217ECE48000E84C1 /* Main.storyboard in Resources */,
			);
			runOnlyForDeploymentPostprocessing = 0;
		};
/* End PBXResourcesBuildPhase section */

/* Begin PBXShellScriptBuildPhase section */
		472893F87B90F4E218E8141E /* [CP] Embed Pods Frameworks */ = {
			isa = PBXShellScriptBuildPhase;
			buildActionMask = 2147483647;
			files = (
			);
			inputPaths = (
				"${SRCROOT}/Pods/Target Support Files/Pods-ProApp/Pods-ProApp-frameworks.sh",
				"${BUILT_PRODUCTS_DIR}/SQLite.swift/SQLite.framework",
				"${BUILT_PRODUCTS_DIR}/SwiftyJSON/SwiftyJSON.framework",
			);
			name = "[CP] Embed Pods Frameworks";
			outputPaths = (
				"${TARGET_BUILD_DIR}/${FRAMEWORKS_FOLDER_PATH}/SQLite.framework",
				"${TARGET_BUILD_DIR}/${FRAMEWORKS_FOLDER_PATH}/SwiftyJSON.framework",
			);
			runOnlyForDeploymentPostprocessing = 0;
			shellPath = /bin/sh;
			shellScript = "\"${SRCROOT}/Pods/Target Support Files/Pods-ProApp/Pods-ProApp-frameworks.sh\"\n";
			showEnvVarsInLog = 0;
		};
		CC7E4188A3E1892BE2B650BD /* [CP] Check Pods Manifest.lock */ = {
			isa = PBXShellScriptBuildPhase;
			buildActionMask = 2147483647;
			files = (
			);
			inputPaths = (
				"${PODS_PODFILE_DIR_PATH}/Podfile.lock",
				"${PODS_ROOT}/Manifest.lock",
			);
			name = "[CP] Check Pods Manifest.lock";
			outputPaths = (
				"$(DERIVED_FILE_DIR)/Pods-ProApp-checkManifestLockResult.txt",
			);
			runOnlyForDeploymentPostprocessing = 0;
			shellPath = /bin/sh;
			shellScript = "diff \"${PODS_PODFILE_DIR_PATH}/Podfile.lock\" \"${PODS_ROOT}/Manifest.lock\" > /dev/null\nif [ $? != 0 ] ; then\n    # print error to STDERR\n    echo \"error: The sandbox is not in sync with the Podfile.lock. Run 'pod install' or update your CocoaPods installation.\" >&2\n    exit 1\nfi\n# This output is used by Xcode 'outputs' to avoid re-running this script phase.\necho \"SUCCESS\" > \"${SCRIPT_OUTPUT_FILE_0}\"\n";
			showEnvVarsInLog = 0;
		};
/* End PBXShellScriptBuildPhase section */

/* Begin PBXSourcesBuildPhase section */
		07BB162D217ECE48000E84C1 /* Sources */ = {
			isa = PBXSourcesBuildPhase;
			buildActionMask = 2147483647;
			files = (
				078F9FAD21800A7000A5F1E0 /* CBSqlite3.swift in Sources */,
				071A9685217EF54B00F02574 /* CBGroupVC.swift in Sources */,
				07BB1637217ECE48000E84C1 /* ViewController.swift in Sources */,
				07BB1635217ECE48000E84C1 /* AppDelegate.swift in Sources */,
				071A9689217EF56F00F02574 /* CBSettingVC.swift in Sources */,
				071A9687217EF56500F02574 /* CBSearchVC.swift in Sources */,
				078F9FAB21800A6400A5F1E0 /* CBGroupVO.swift in Sources */,
			);
			runOnlyForDeploymentPostprocessing = 0;
		};
/* End PBXSourcesBuildPhase section */

/* Begin PBXVariantGroup section */
		07BB1638217ECE48000E84C1 /* Main.storyboard */ = {
			isa = PBXVariantGroup;
			children = (
				07BB1639217ECE48000E84C1 /* Base */,
			);
			name = Main.storyboard;
			sourceTree = "<group>";
		};
		07BB163D217ECE49000E84C1 /* LaunchScreen.storyboard */ = {
			isa = PBXVariantGroup;
			children = (
				07BB163E217ECE49000E84C1 /* Base */,
			);
			name = LaunchScreen.storyboard;
			sourceTree = "<group>";
		};
/* End PBXVariantGroup section */

/* Begin XCBuildConfiguration section */
		07BB1641217ECE49000E84C1 /* Debug */ = {
			isa = XCBuildConfiguration;
			buildSettings = {
				ALWAYS_SEARCH_USER_PATHS = NO;
				CLANG_ANALYZER_NONNULL = YES;
				CLANG_ANALYZER_NUMBER_OBJECT_CONVERSION = YES_AGGRESSIVE;
				CLANG_CXX_LANGUAGE_STANDARD = "gnu++14";
				CLANG_CXX_LIBRARY = "libc++";
				CLANG_ENABLE_MODULES = YES;
				CLANG_ENABLE_OBJC_ARC = YES;
				CLANG_ENABLE_OBJC_WEAK = YES;
				CLANG_WARN_BLOCK_CAPTURE_AUTORELEASING = YES;
				CLANG_WARN_BOOL_CONVERSION = YES;
				CLANG_WARN_COMMA = YES;
				CLANG_WARN_CONSTANT_CONVERSION = YES;
				CLANG_WARN_DEPRECATED_OBJC_IMPLEMENTATIONS = YES;
				CLANG_WARN_DIRECT_OBJC_ISA_USAGE = YES_ERROR;
				CLANG_WARN_DOCUMENTATION_COMMENTS = YES;
				CLANG_WARN_EMPTY_BODY = YES;
				CLANG_WARN_ENUM_CONVERSION = YES;
				CLANG_WARN_INFINITE_RECURSION = YES;
				CLANG_WARN_INT_CONVERSION = YES;
				CLANG_WARN_NON_LITERAL_NULL_CONVERSION = YES;
				CLANG_WARN_OBJC_IMPLICIT_RETAIN_SELF = YES;
				CLANG_WARN_OBJC_LITERAL_CONVERSION = YES;
				CLANG_WARN_OBJC_ROOT_CLASS = YES_ERROR;
				CLANG_WARN_RANGE_LOOP_ANALYSIS = YES;
				CLANG_WARN_STRICT_PROTOTYPES = YES;
				CLANG_WARN_SUSPICIOUS_MOVE = YES;
				CLANG_WARN_UNGUARDED_AVAILABILITY = YES_AGGRESSIVE;
				CLANG_WARN_UNREACHABLE_CODE = YES;
				CLANG_WARN__DUPLICATE_METHOD_MATCH = YES;
				CODE_SIGN_IDENTITY = "iPhone Developer";
				COPY_PHASE_STRIP = NO;
				DEBUG_INFORMATION_FORMAT = dwarf;
				ENABLE_STRICT_OBJC_MSGSEND = YES;
				ENABLE_TESTABILITY = YES;
				GCC_C_LANGUAGE_STANDARD = gnu11;
				GCC_DYNAMIC_NO_PIC = NO;
				GCC_NO_COMMON_BLOCKS = YES;
				GCC_OPTIMIZATION_LEVEL = 0;
				GCC_PREPROCESSOR_DEFINITIONS = (
					"DEBUG=1",
					"$(inherited)",
				);
				GCC_WARN_64_TO_32_BIT_CONVERSION = YES;
				GCC_WARN_ABOUT_RETURN_TYPE = YES_ERROR;
				GCC_WARN_UNDECLARED_SELECTOR = YES;
				GCC_WARN_UNINITIALIZED_AUTOS = YES_AGGRESSIVE;
				GCC_WARN_UNUSED_FUNCTION = YES;
				GCC_WARN_UNUSED_VARIABLE = YES;
				IPHONEOS_DEPLOYMENT_TARGET = 12.0;
				MTL_ENABLE_DEBUG_INFO = INCLUDE_SOURCE;
				MTL_FAST_MATH = YES;
				ONLY_ACTIVE_ARCH = YES;
				SDKROOT = iphoneos;
				SWIFT_ACTIVE_COMPILATION_CONDITIONS = DEBUG;
				SWIFT_OPTIMIZATION_LEVEL = "-Onone";
			};
			name = Debug;
		};
		07BB1642217ECE49000E84C1 /* Release */ = {
			isa = XCBuildConfiguration;
			buildSettings = {
				ALWAYS_SEARCH_USER_PATHS = NO;
				CLANG_ANALYZER_NONNULL = YES;
				CLANG_ANALYZER_NUMBER_OBJECT_CONVERSION = YES_AGGRESSIVE;
				CLANG_CXX_LANGUAGE_STANDARD = "gnu++14";
				CLANG_CXX_LIBRARY = "libc++";
				CLANG_ENABLE_MODULES = YES;
				CLANG_ENABLE_OBJC_ARC = YES;
				CLANG_ENABLE_OBJC_WEAK = YES;
				CLANG_WARN_BLOCK_CAPTURE_AUTORELEASING = YES;
				CLANG_WARN_BOOL_CONVERSION = YES;
				CLANG_WARN_COMMA = YES;
				CLANG_WARN_CONSTANT_CONVERSION = YES;
				CLANG_WARN_DEPRECATED_OBJC_IMPLEMENTATIONS = YES;
				CLANG_WARN_DIRECT_OBJC_ISA_USAGE = YES_ERROR;
				CLANG_WARN_DOCUMENTATION_COMMENTS = YES;
				CLANG_WARN_EMPTY_BODY = YES;
				CLANG_WARN_ENUM_CONVERSION = YES;
				CLANG_WARN_INFINITE_RECURSION = YES;
				CLANG_WARN_INT_CONVERSION = YES;
				CLANG_WARN_NON_LITERAL_NULL_CONVERSION = YES;
				CLANG_WARN_OBJC_IMPLICIT_RETAIN_SELF = YES;
				CLANG_WARN_OBJC_LITERAL_CONVERSION = YES;
				CLANG_WARN_OBJC_ROOT_CLASS = YES_ERROR;
				CLANG_WARN_RANGE_LOOP_ANALYSIS = YES;
				CLANG_WARN_STRICT_PROTOTYPES = YES;
				CLANG_WARN_SUSPICIOUS_MOVE = YES;
				CLANG_WARN_UNGUARDED_AVAILABILITY = YES_AGGRESSIVE;
				CLANG_WARN_UNREACHABLE_CODE = YES;
				CLANG_WARN__DUPLICATE_METHOD_MATCH = YES;
				CODE_SIGN_IDENTITY = "iPhone Developer";
				COPY_PHASE_STRIP = NO;
				DEBUG_INFORMATION_FORMAT = "dwarf-with-dsym";
				ENABLE_NS_ASSERTIONS = NO;
				ENABLE_STRICT_OBJC_MSGSEND = YES;
				GCC_C_LANGUAGE_STANDARD = gnu11;
				GCC_NO_COMMON_BLOCKS = YES;
				GCC_WARN_64_TO_32_BIT_CONVERSION = YES;
				GCC_WARN_ABOUT_RETURN_TYPE = YES_ERROR;
				GCC_WARN_UNDECLARED_SELECTOR = YES;
				GCC_WARN_UNINITIALIZED_AUTOS = YES_AGGRESSIVE;
				GCC_WARN_UNUSED_FUNCTION = YES;
				GCC_WARN_UNUSED_VARIABLE = YES;
				IPHONEOS_DEPLOYMENT_TARGET = 12.0;
				MTL_ENABLE_DEBUG_INFO = NO;
				MTL_FAST_MATH = YES;
				SDKROOT = iphoneos;
				SWIFT_COMPILATION_MODE = wholemodule;
				SWIFT_OPTIMIZATION_LEVEL = "-O";
				VALIDATE_PRODUCT = YES;
			};
			name = Release;
		};
		07BB1644217ECE49000E84C1 /* Debug */ = {
			isa = XCBuildConfiguration;
			baseConfigurationReference = DFD9CBE357FCCC3F4CE8914E /* Pods-ProApp.debug.xcconfig */;
			buildSettings = {
				ASSETCATALOG_COMPILER_APPICON_NAME = AppIcon;
				CODE_SIGN_STYLE = Automatic;
				DEVELOPMENT_TEAM = 5C9B46K62L;
				INFOPLIST_FILE = ProApp/Info.plist;
				LD_RUNPATH_SEARCH_PATHS = (
					"$(inherited)",
					"@executable_path/Frameworks",
				);
				PRODUCT_BUNDLE_IDENTIFIER = com.chenbing.ProApp;
				PRODUCT_NAME = "$(TARGET_NAME)";
				SWIFT_VERSION = 4.2;
				TARGETED_DEVICE_FAMILY = "1,2";
			};
			name = Debug;
		};
		07BB1645217ECE49000E84C1 /* Release */ = {
			isa = XCBuildConfiguration;
			baseConfigurationReference = 69F1D1C7223A855BA31CA5CB /* Pods-ProApp.release.xcconfig */;
			buildSettings = {
				ASSETCATALOG_COMPILER_APPICON_NAME = AppIcon;
				CODE_SIGN_STYLE = Automatic;
				DEVELOPMENT_TEAM = 5C9B46K62L;
				INFOPLIST_FILE = ProApp/Info.plist;
				LD_RUNPATH_SEARCH_PATHS = (
					"$(inherited)",
					"@executable_path/Frameworks",
				);
				PRODUCT_BUNDLE_IDENTIFIER = com.chenbing.ProApp;
				PRODUCT_NAME = "$(TARGET_NAME)";
				SWIFT_VERSION = 4.2;
				TARGETED_DEVICE_FAMILY = "1,2";
			};
			name = Release;
		};
/* End XCBuildConfiguration section */

/* Begin XCConfigurationList section */
		07BB162C217ECE48000E84C1 /* Build configuration list for PBXProject "ProApp" */ = {
			isa = XCConfigurationList;
			buildConfigurations = (
				07BB1641217ECE49000E84C1 /* Debug */,
				07BB1642217ECE49000E84C1 /* Release */,
			);
			defaultConfigurationIsVisible = 0;
			defaultConfigurationName = Release;
		};
		07BB1643217ECE49000E84C1 /* Build configuration list for PBXNativeTarget "ProApp" */ = {
			isa = XCConfigurationList;
			buildConfigurations = (
				07BB1644217ECE49000E84C1 /* Debug */,
				07BB1645217ECE49000E84C1 /* Release */,
			);
			defaultConfigurationIsVisible = 0;
			defaultConfigurationName = Release;
		};
/* End XCConfigurationList section */
	};
	rootObject = 07BB1629217ECE48000E84C1 /* Project object */;
}
